{
	"name": "diepsocket",
	"version": "1.1.2",
	"lockfileVersion": 2,
	"requires": true,
	"packages": {
		"": {
			"name": "diepsocket",
			"version": "1.1.2",
			"license": "MIT",
			"dependencies": {
				"app-root-path": "^3.0.0",
				"diepsocket": "^1.1.3",
				"events": "^3.2.0",
				"https": "^1.0.0",
				"https-proxy-agent": "^5.0.0",
				"node-fetch": "^2.6.1",
				"url": "^0.11.0",
				"ws": "^7.4.0"
			}
		},
		"node_modules/agent-base": {
			"version": "6.0.2",
			"resolved": "https://registry.npmjs.org/agent-base/-/agent-base-6.0.2.tgz",
			"integrity": "sha512-RZNwNclF7+MS/8bDg70amg32dyeZGZxiDuQmZxKLAlQjr3jGyLx+4Kkk58UO7D2QdgFIQCovuSuZESne6RG6XQ==",
			"dependencies": {
				"debug": "4"
			},
			"engines": {
				"node": ">= 6.0.0"
			}
		},
		"node_modules/app-root-path": {
			"version": "3.0.0",
			"resolved": "https://registry.npmjs.org/app-root-path/-/app-root-path-3.0.0.tgz",
			"integrity": "sha512-qMcx+Gy2UZynHjOHOIXPNvpf+9cjvk3cWrBBK7zg4gH9+clobJRb9NGzcT7mQTcV/6Gm/1WelUtqxVXnNlrwcw==",
			"engines": {
				"node": ">= 6.0.0"
			}
		},
		"node_modules/debug": {
			"version": "4.2.0",
			"resolved": "https://registry.npmjs.org/debug/-/debug-4.2.0.tgz",
			"integrity": "sha512-IX2ncY78vDTjZMFUdmsvIRFY2Cf4FnD0wRs+nQwJU8Lu99/tPFdb0VybiiMTPe3I6rQmwsqQqRBvxU+bZ/I8sg==",
			"dependencies": {
				"ms": "2.1.2"
			},
			"engines": {
				"node": ">=6.0"
			},
			"peerDependenciesMeta": {
				"supports-color": {
					"optional": true
				}
			}
		},
		"node_modules/diepsocket": {
			"version": "1.1.3",
			"resolved": "https://registry.npmjs.org/diepsocket/-/diepsocket-1.1.3.tgz",
			"integrity": "sha512-9XTJumvyLrc22DZvwRy3ydbG6u8fWp+e8P1qI2Wr2DA/51YfutRiCH7KiB5Eepia0CJJMQyvoWmqXUBK+zEN5g==",
			"dependencies": {
				"https-proxy-agent": "^5.0.0",
				"node-fetch": "^2.6.1",
				"ws": "^7.3.1"
			}
		},
		"node_modules/events": {
			"version": "3.2.0",
			"resolved": "https://registry.npmjs.org/events/-/events-3.2.0.tgz",
			"integrity": "sha512-/46HWwbfCX2xTawVfkKLGxMifJYQBWMwY1mjywRtb4c9x8l5NP3KoJtnIOiL1hfdRkIuYhETxQlo62IF8tcnlg==",
			"engines": {
				"node": ">=0.8.x"
			}
		},
		"node_modules/https": {
			"version": "1.0.0",
			"resolved": "https://registry.npmjs.org/https/-/https-1.0.0.tgz",
			"integrity": "sha1-PDfHrhqO65ZpBKKtHpdaGUt+06Q="
		},
		"node_modules/https-proxy-agent": {
			"version": "5.0.0",
			"resolved": "https://registry.npmjs.org/https-proxy-agent/-/https-proxy-agent-5.0.0.tgz",
			"integrity": "sha512-EkYm5BcKUGiduxzSt3Eppko+PiNWNEpa4ySk9vTC6wDsQJW9rHSa+UhGNJoRYp7bz6Ht1eaRIa6QaJqO5rCFbA==",
			"dependencies": {
				"agent-base": "6",
				"debug": "4"
			},
			"engines": {
				"node": ">= 6"
			}
		},
		"node_modules/ms": {
			"version": "2.1.2",
			"resolved": "https://registry.npmjs.org/ms/-/ms-2.1.2.tgz",
			"integrity": "sha512-sGkPx+VjMtmA6MX27oA4FBFELFCZZ4S4XqeGOXCv68tT+jb3vk/RyaKWP0PTKyWtmLSM0b+adUTEvbs1PEaH2w=="
		},
		"node_modules/node-fetch": {
			"version": "2.6.1",
			"resolved": "https://registry.npmjs.org/node-fetch/-/node-fetch-2.6.1.tgz",
			"integrity": "sha512-V4aYg89jEoVRxRb2fJdAg8FHvI7cEyYdVAh94HH0UIK8oJxUfkjlDQN9RbMx+bEjP7+ggMiFRprSti032Oipxw==",
			"engines": {
				"node": "4.x || >=6.0.0"
			}
		},
		"node_modules/punycode": {
			"version": "1.3.2",
			"resolved": "https://registry.npmjs.org/punycode/-/punycode-1.3.2.tgz",
			"integrity": "sha1-llOgNvt8HuQjQvIyXM7v6jkmxI0="
		},
		"node_modules/querystring": {
			"version": "0.2.0",
			"resolved": "https://registry.npmjs.org/querystring/-/querystring-0.2.0.tgz",
			"integrity": "sha1-sgmEkgO7Jd+CDadW50cAWHhSFiA=",
			"engines": {
				"node": ">=0.4.x"
			}
		},
		"node_modules/url": {
			"version": "0.11.0",
			"resolved": "https://registry.npmjs.org/url/-/url-0.11.0.tgz",
			"integrity": "sha1-ODjpfPxgUh63PFJajlW/3Z4uKPE=",
			"dependencies": {
				"punycode": "1.3.2",
				"querystring": "0.2.0"
			}
		},
		"node_modules/ws": {
			"version": "7.4.0",
			"resolved": "https://registry.npmjs.org/ws/-/ws-7.4.0.tgz",
			"integrity": "sha512-kyFwXuV/5ymf+IXhS6f0+eAFvydbaBW3zjpT6hUdAh/hbVjTIB5EHBGi0bPoCLSK2wcuz3BrEkB9LrYv1Nm4NQ==",
			"engines": {
				"node": ">=8.3.0"
			},
			"peerDependencies": {
				"bufferutil": "^4.0.1",
				"utf-8-validate": "^5.0.2"
			},
			"peerDependenciesMeta": {
				"bufferutil": {
					"optional": true
				},
				"utf-8-validate": {
					"optional": true
				}
			}
		}
	},
	"dependencies": {
		"agent-base": {
			"version": "6.0.2",
			"resolved": "https://registry.npmjs.org/agent-base/-/agent-base-6.0.2.tgz",
			"integrity": "sha512-RZNwNclF7+MS/8bDg70amg32dyeZGZxiDuQmZxKLAlQjr3jGyLx+4Kkk58UO7D2QdgFIQCovuSuZESne6RG6XQ==",
			"requires": {
				"debug": "4"
			}
		},
		"app-root-path": {
			"version": "3.0.0",
			"resolved": "https://registry.npmjs.org/app-root-path/-/app-root-path-3.0.0.tgz",
			"integrity": "sha512-qMcx+Gy2UZynHjOHOIXPNvpf+9cjvk3cWrBBK7zg4gH9+clobJRb9NGzcT7mQTcV/6Gm/1WelUtqxVXnNlrwcw=="
		},
		"debug": {
			"version": "4.2.0",
			"resolved": "https://registry.npmjs.org/debug/-/debug-4.2.0.tgz",
			"integrity": "sha512-IX2ncY78vDTjZMFUdmsvIRFY2Cf4FnD0wRs+nQwJU8Lu99/tPFdb0VybiiMTPe3I6rQmwsqQqRBvxU+bZ/I8sg==",
			"requires": {
				"ms": "2.1.2"
			}
		},
		"diepsocket": {
			"version": "1.1.3",
			"resolved": "https://registry.npmjs.org/diepsocket/-/diepsocket-1.1.3.tgz",
			"integrity": "sha512-9XTJumvyLrc22DZvwRy3ydbG6u8fWp+e8P1qI2Wr2DA/51YfutRiCH7KiB5Eepia0CJJMQyvoWmqXUBK+zEN5g==",
			"requires": {
				"https-proxy-agent": "^5.0.0",
				"node-fetch": "^2.6.1",
				"ws": "^7.3.1"
			}
		},
		"events": {
			"version": "3.2.0",
			"resolved": "https://registry.npmjs.org/events/-/events-3.2.0.tgz",
			"integrity": "sha512-/46HWwbfCX2xTawVfkKLGxMifJYQBWMwY1mjywRtb4c9x8l5NP3KoJtnIOiL1hfdRkIuYhETxQlo62IF8tcnlg=="
		},
		"https": {
			"version": "1.0.0",
			"resolved": "https://registry.npmjs.org/https/-/https-1.0.0.tgz",
			"integrity": "sha1-PDfHrhqO65ZpBKKtHpdaGUt+06Q="
		},
		"https-proxy-agent": {
			"version": "5.0.0",
			"resolved": "https://registry.npmjs.org/https-proxy-agent/-/https-proxy-agent-5.0.0.tgz",
			"integrity": "sha512-EkYm5BcKUGiduxzSt3Eppko+PiNWNEpa4ySk9vTC6wDsQJW9rHSa+UhGNJoRYp7bz6Ht1eaRIa6QaJqO5rCFbA==",
			"requires": {
				"agent-base": "6",
				"debug": "4"
			}
		},
		"ms": {
			"version": "2.1.2",
			"resolved": "https://registry.npmjs.org/ms/-/ms-2.1.2.tgz",
			"integrity": "sha512-sGkPx+VjMtmA6MX27oA4FBFELFCZZ4S4XqeGOXCv68tT+jb3vk/RyaKWP0PTKyWtmLSM0b+adUTEvbs1PEaH2w=="
		},
		"node-fetch": {
			"version": "2.6.1",
			"resolved": "https://registry.npmjs.org/node-fetch/-/node-fetch-2.6.1.tgz",
			"integrity": "sha512-V4aYg89jEoVRxRb2fJdAg8FHvI7cEyYdVAh94HH0UIK8oJxUfkjlDQN9RbMx+bEjP7+ggMiFRprSti032Oipxw=="
		},
		"punycode": {
			"version": "1.3.2",
			"resolved": "https://registry.npmjs.org/punycode/-/punycode-1.3.2.tgz",
			"integrity": "sha1-llOgNvt8HuQjQvIyXM7v6jkmxI0="
		},
		"querystring": {
			"version": "0.2.0",
			"resolved": "https://registry.npmjs.org/querystring/-/querystring-0.2.0.tgz",
			"integrity": "sha1-sgmEkgO7Jd+CDadW50cAWHhSFiA="
		},
		"url": {
			"version": "0.11.0",
			"resolved": "https://registry.npmjs.org/url/-/url-0.11.0.tgz",
			"integrity": "sha1-ODjpfPxgUh63PFJajlW/3Z4uKPE=",
			"requires": {
				"punycode": "1.3.2",
				"querystring": "0.2.0"
			}
		},
		"ws": {
			"version": "7.4.0",
			"resolved": "https://registry.npmjs.org/ws/-/ws-7.4.0.tgz",
			"integrity": "sha512-kyFwXuV/5ymf+IXhS6f0+eAFvydbaBW3zjpT6hUdAh/hbVjTIB5EHBGi0bPoCLSK2wcuz3BrEkB9LrYv1Nm4NQ==",
			"requires": {}
		}
	}
}
